// !$*UTF8*$!
{
	archiveVersion = 1;
	classes = {
	};
	objectVersion = 55;
	objects = {

/* Begin PBXBuildFile section */
		041134F327208BBC00A1880F /* AppDelegate.swift in Sources */ = {isa = PBXBuildFile; fileRef = 041134F227208BBC00A1880F /* AppDelegate.swift */; };
		041134F727208BBC00A1880F /* ViewController.swift in Sources */ = {isa = PBXBuildFile; fileRef = 041134F627208BBC00A1880F /* ViewController.swift */; };
		041134FC27208BC500A1880F /* Assets.xcassets in Resources */ = {isa = PBXBuildFile; fileRef = 041134FB27208BC500A1880F /* Assets.xcassets */; };
		041134FF27208BC500A1880F /* LaunchScreen.storyboard in Resources */ = {isa = PBXBuildFile; fileRef = 041134FD27208BC500A1880F /* LaunchScreen.storyboard */; };
		0411351427208BC500A1880F /* testWeatherAppUITests.swift in Sources */ = {isa = PBXBuildFile; fileRef = 0411351327208BC500A1880F /* testWeatherAppUITests.swift */; };
		0411351627208BC500A1880F /* testWeatherAppUITestsLaunchTests.swift in Sources */ = {isa = PBXBuildFile; fileRef = 0411351527208BC500A1880F /* testWeatherAppUITestsLaunchTests.swift */; };
		0411352327208C5D00A1880F /* Model.swift in Sources */ = {isa = PBXBuildFile; fileRef = 0411352227208C5D00A1880F /* Model.swift */; };
		0411352527208C6B00A1880F /* Presenter.swift in Sources */ = {isa = PBXBuildFile; fileRef = 0411352427208C6B00A1880F /* Presenter.swift */; };
		0411352727208C7600A1880F /* Protocols.swift in Sources */ = {isa = PBXBuildFile; fileRef = 0411352627208C7600A1880F /* Protocols.swift */; };
		0411352D27208F2E00A1880F /* TableViewCell.swift in Sources */ = {isa = PBXBuildFile; fileRef = 0411352C27208F2E00A1880F /* TableViewCell.swift */; };
		0411352F2720967900A1880F /* ModuleContainer.swift in Sources */ = {isa = PBXBuildFile; fileRef = 0411352E2720967900A1880F /* ModuleContainer.swift */; };
		041135342720B64400A1880F /* Router.swift in Sources */ = {isa = PBXBuildFile; fileRef = 041135332720B64400A1880F /* Router.swift */; };
		04113536272196E200A1880F /* Manager.swift in Sources */ = {isa = PBXBuildFile; fileRef = 04113535272196E200A1880F /* Manager.swift */; };
		04113538272197EF00A1880F /* ServiceModel.swift in Sources */ = {isa = PBXBuildFile; fileRef = 04113537272197EF00A1880F /* ServiceModel.swift */; };
		0411353B27219C1800A1880F /* Interactor.swift in Sources */ = {isa = PBXBuildFile; fileRef = 0411353A27219C1800A1880F /* Interactor.swift */; };
		041135422721FB3A00A1880F /* CityCoreDataModel.xcdatamodeld in Sources */ = {isa = PBXBuildFile; fileRef = 041135402721FB3900A1880F /* CityCoreDataModel.xcdatamodeld */; };
		04ED0827272456160080942B /* CoreDataManager.swift in Sources */ = {isa = PBXBuildFile; fileRef = 04ED0826272456160080942B /* CoreDataManager.swift */; };
		04ED082B27296FE10080942B /* DetailsViewController.swift in Sources */ = {isa = PBXBuildFile; fileRef = 04ED082A27296FE10080942B /* DetailsViewController.swift */; };
		04ED0833272ACB640080942B /* CityEntity+CoreDataClass.swift in Sources */ = {isa = PBXBuildFile; fileRef = 04ED0831272ACB630080942B /* CityEntity+CoreDataClass.swift */; };
		04ED0834272ACB640080942B /* CityEntity+CoreDataProperties.swift in Sources */ = {isa = PBXBuildFile; fileRef = 04ED0832272ACB640080942B /* CityEntity+CoreDataProperties.swift */; };
		04ED0836272AE4400080942B /* ManagerTest.swift in Sources */ = {isa = PBXBuildFile; fileRef = 04ED0835272AE4400080942B /* ManagerTest.swift */; };
		07AF62380037C007F7D7455C /* Pods_testWeatherAppTests.framework in Frameworks */ = {isa = PBXBuildFile; fileRef = 5C0351908178D6A0EAA49262 /* Pods_testWeatherAppTests.framework */; };
		D7015B18F387C61D52D15558 /* Pods_testWeatherApp.framework in Frameworks */ = {isa = PBXBuildFile; fileRef = BD0AE337643EF8C8E6510139 /* Pods_testWeatherApp.framework */; };
		DE75E9BFB17BD9BD2B687FDC /* Pods_testWeatherApp_testWeatherAppUITests.framework in Frameworks */ = {isa = PBXBuildFile; fileRef = 143476049584C8E131EAFD9B /* Pods_testWeatherApp_testWeatherAppUITests.framework */; };
/* End PBXBuildFile section */

/* Begin PBXContainerItemProxy section */
		0411350627208BC500A1880F /* PBXContainerItemProxy */ = {
			isa = PBXContainerItemProxy;
			containerPortal = 041134E727208BBC00A1880F /* Project object */;
			proxyType = 1;
			remoteGlobalIDString = 041134EE27208BBC00A1880F;
			remoteInfo = testWeatherApp;
		};
		0411351027208BC500A1880F /* PBXContainerItemProxy */ = {
			isa = PBXContainerItemProxy;
			containerPortal = 041134E727208BBC00A1880F /* Project object */;
			proxyType = 1;
			remoteGlobalIDString = 041134EE27208BBC00A1880F;
			remoteInfo = testWeatherApp;
		};
/* End PBXContainerItemProxy section */

/* Begin PBXFileReference section */
		041134EF27208BBC00A1880F /* testWeatherApp.app */ = {isa = PBXFileReference; explicitFileType = wrapper.application; includeInIndex = 0; path = testWeatherApp.app; sourceTree = BUILT_PRODUCTS_DIR; };
		041134F227208BBC00A1880F /* AppDelegate.swift */ = {isa = PBXFileReference; lastKnownFileType = sourcecode.swift; path = AppDelegate.swift; sourceTree = "<group>"; };
		041134F627208BBC00A1880F /* ViewController.swift */ = {isa = PBXFileReference; lastKnownFileType = sourcecode.swift; path = ViewController.swift; sourceTree = "<group>"; };
		041134FB27208BC500A1880F /* Assets.xcassets */ = {isa = PBXFileReference; lastKnownFileType = folder.assetcatalog; path = Assets.xcassets; sourceTree = "<group>"; };
		041134FE27208BC500A1880F /* Base */ = {isa = PBXFileReference; lastKnownFileType = file.storyboard; name = Base; path = Base.lproj/LaunchScreen.storyboard; sourceTree = "<group>"; };
		0411350027208BC500A1880F /* Info.plist */ = {isa = PBXFileReference; lastKnownFileType = text.plist.xml; path = Info.plist; sourceTree = "<group>"; };
		0411350527208BC500A1880F /* testWeatherAppTests.xctest */ = {isa = PBXFileReference; explicitFileType = wrapper.cfbundle; includeInIndex = 0; path = testWeatherAppTests.xctest; sourceTree = BUILT_PRODUCTS_DIR; };
		0411350F27208BC500A1880F /* testWeatherAppUITests.xctest */ = {isa = PBXFileReference; explicitFileType = wrapper.cfbundle; includeInIndex = 0; path = testWeatherAppUITests.xctest; sourceTree = BUILT_PRODUCTS_DIR; };
		0411351327208BC500A1880F /* testWeatherAppUITests.swift */ = {isa = PBXFileReference; lastKnownFileType = sourcecode.swift; path = testWeatherAppUITests.swift; sourceTree = "<group>"; };
		0411351527208BC500A1880F /* testWeatherAppUITestsLaunchTests.swift */ = {isa = PBXFileReference; lastKnownFileType = sourcecode.swift; path = testWeatherAppUITestsLaunchTests.swift; sourceTree = "<group>"; };
		0411352227208C5D00A1880F /* Model.swift */ = {isa = PBXFileReference; lastKnownFileType = sourcecode.swift; path = Model.swift; sourceTree = "<group>"; };
		0411352427208C6B00A1880F /* Presenter.swift */ = {isa = PBXFileReference; lastKnownFileType = sourcecode.swift; path = Presenter.swift; sourceTree = "<group>"; };
		0411352627208C7600A1880F /* Protocols.swift */ = {isa = PBXFileReference; lastKnownFileType = sourcecode.swift; path = Protocols.swift; sourceTree = "<group>"; };
		0411352C27208F2E00A1880F /* TableViewCell.swift */ = {isa = PBXFileReference; lastKnownFileType = sourcecode.swift; path = TableViewCell.swift; sourceTree = "<group>"; };
		0411352E2720967900A1880F /* ModuleContainer.swift */ = {isa = PBXFileReference; lastKnownFileType = sourcecode.swift; path = ModuleContainer.swift; sourceTree = "<group>"; };
		041135332720B64400A1880F /* Router.swift */ = {isa = PBXFileReference; lastKnownFileType = sourcecode.swift; path = Router.swift; sourceTree = "<group>"; };
		04113535272196E200A1880F /* Manager.swift */ = {isa = PBXFileReference; lastKnownFileType = sourcecode.swift; path = Manager.swift; sourceTree = "<group>"; };
		04113537272197EF00A1880F /* ServiceModel.swift */ = {isa = PBXFileReference; lastKnownFileType = sourcecode.swift; path = ServiceModel.swift; sourceTree = "<group>"; };
		0411353A27219C1800A1880F /* Interactor.swift */ = {isa = PBXFileReference; lastKnownFileType = sourcecode.swift; path = Interactor.swift; sourceTree = "<group>"; };
		041135412721FB3900A1880F /* CityCoreDataModel.xcdatamodel */ = {isa = PBXFileReference; lastKnownFileType = wrapper.xcdatamodel; path = CityCoreDataModel.xcdatamodel; sourceTree = "<group>"; };
		04ED0826272456160080942B /* CoreDataManager.swift */ = {isa = PBXFileReference; lastKnownFileType = sourcecode.swift; path = CoreDataManager.swift; sourceTree = "<group>"; };
		04ED082A27296FE10080942B /* DetailsViewController.swift */ = {isa = PBXFileReference; lastKnownFileType = sourcecode.swift; path = DetailsViewController.swift; sourceTree = "<group>"; };
		04ED0831272ACB630080942B /* CityEntity+CoreDataClass.swift */ = {isa = PBXFileReference; fileEncoding = 4; lastKnownFileType = sourcecode.swift; path = "CityEntity+CoreDataClass.swift"; sourceTree = "<group>"; };
		04ED0832272ACB640080942B /* CityEntity+CoreDataProperties.swift */ = {isa = PBXFileReference; fileEncoding = 4; lastKnownFileType = sourcecode.swift; path = "CityEntity+CoreDataProperties.swift"; sourceTree = "<group>"; };
		04ED0835272AE4400080942B /* ManagerTest.swift */ = {isa = PBXFileReference; lastKnownFileType = sourcecode.swift; path = ManagerTest.swift; sourceTree = "<group>"; };
		114734D461936A5A978B7EA4 /* Pods-testWeatherApp.debug.xcconfig */ = {isa = PBXFileReference; includeInIndex = 1; lastKnownFileType = text.xcconfig; name = "Pods-testWeatherApp.debug.xcconfig"; path = "Target Support Files/Pods-testWeatherApp/Pods-testWeatherApp.debug.xcconfig"; sourceTree = "<group>"; };
		143476049584C8E131EAFD9B /* Pods_testWeatherApp_testWeatherAppUITests.framework */ = {isa = PBXFileReference; explicitFileType = wrapper.framework; includeInIndex = 0; path = Pods_testWeatherApp_testWeatherAppUITests.framework; sourceTree = BUILT_PRODUCTS_DIR; };
		3BD1DDB3DC92860B0161A9F1 /* Pods-testWeatherApp.release.xcconfig */ = {isa = PBXFileReference; includeInIndex = 1; lastKnownFileType = text.xcconfig; name = "Pods-testWeatherApp.release.xcconfig"; path = "Target Support Files/Pods-testWeatherApp/Pods-testWeatherApp.release.xcconfig"; sourceTree = "<group>"; };
		5C0351908178D6A0EAA49262 /* Pods_testWeatherAppTests.framework */ = {isa = PBXFileReference; explicitFileType = wrapper.framework; includeInIndex = 0; path = Pods_testWeatherAppTests.framework; sourceTree = BUILT_PRODUCTS_DIR; };
		82A2299895C4973243A0FEF5 /* Pods-testWeatherApp-testWeatherAppUITests.release.xcconfig */ = {isa = PBXFileReference; includeInIndex = 1; lastKnownFileType = text.xcconfig; name = "Pods-testWeatherApp-testWeatherAppUITests.release.xcconfig"; path = "Target Support Files/Pods-testWeatherApp-testWeatherAppUITests/Pods-testWeatherApp-testWeatherAppUITests.release.xcconfig"; sourceTree = "<group>"; };
		BD0AE337643EF8C8E6510139 /* Pods_testWeatherApp.framework */ = {isa = PBXFileReference; explicitFileType = wrapper.framework; includeInIndex = 0; path = Pods_testWeatherApp.framework; sourceTree = BUILT_PRODUCTS_DIR; };
		CCCEB119420CBBAFAB5E0A91 /* Pods-testWeatherApp-testWeatherAppUITests.debug.xcconfig */ = {isa = PBXFileReference; includeInIndex = 1; lastKnownFileType = text.xcconfig; name = "Pods-testWeatherApp-testWeatherAppUITests.debug.xcconfig"; path = "Target Support Files/Pods-testWeatherApp-testWeatherAppUITests/Pods-testWeatherApp-testWeatherAppUITests.debug.xcconfig"; sourceTree = "<group>"; };
		F17CCD64496376BBA678C2E5 /* Pods-testWeatherAppTests.release.xcconfig */ = {isa = PBXFileReference; includeInIndex = 1; lastKnownFileType = text.xcconfig; name = "Pods-testWeatherAppTests.release.xcconfig"; path = "Target Support Files/Pods-testWeatherAppTests/Pods-testWeatherAppTests.release.xcconfig"; sourceTree = "<group>"; };
		F6F30FD4FCE62C9D9912B4A1 /* Pods-testWeatherAppTests.debug.xcconfig */ = {isa = PBXFileReference; includeInIndex = 1; lastKnownFileType = text.xcconfig; name = "Pods-testWeatherAppTests.debug.xcconfig"; path = "Target Support Files/Pods-testWeatherAppTests/Pods-testWeatherAppTests.debug.xcconfig"; sourceTree = "<group>"; };
/* End PBXFileReference section */

/* Begin PBXFrameworksBuildPhase section */
		041134EC27208BBC00A1880F /* Frameworks */ = {
			isa = PBXFrameworksBuildPhase;
			buildActionMask = 2147483647;
			files = (
				D7015B18F387C61D52D15558 /* Pods_testWeatherApp.framework in Frameworks */,
			);
			runOnlyForDeploymentPostprocessing = 0;
		};
		0411350227208BC500A1880F /* Frameworks */ = {
			isa = PBXFrameworksBuildPhase;
			buildActionMask = 2147483647;
			files = (
				07AF62380037C007F7D7455C /* Pods_testWeatherAppTests.framework in Frameworks */,
			);
			runOnlyForDeploymentPostprocessing = 0;
		};
		0411350C27208BC500A1880F /* Frameworks */ = {
			isa = PBXFrameworksBuildPhase;
			buildActionMask = 2147483647;
			files = (
				DE75E9BFB17BD9BD2B687FDC /* Pods_testWeatherApp_testWeatherAppUITests.framework in Frameworks */,
			);
			runOnlyForDeploymentPostprocessing = 0;
		};
/* End PBXFrameworksBuildPhase section */

/* Begin PBXGroup section */
		041134E627208BBC00A1880F = {
			isa = PBXGroup;
			children = (
				04ED0831272ACB630080942B /* CityEntity+CoreDataClass.swift */,
				04ED0832272ACB640080942B /* CityEntity+CoreDataProperties.swift */,
				041134F127208BBC00A1880F /* testWeatherApp */,
				0411350827208BC500A1880F /* testWeatherAppTests */,
				0411351227208BC500A1880F /* testWeatherAppUITests */,
				041134F027208BBC00A1880F /* Products */,
				63928905D8FB9258A0942B73 /* Pods */,
				22ECAB104E79A42C46575783 /* Frameworks */,
			);
			sourceTree = "<group>";
		};
		041134F027208BBC00A1880F /* Products */ = {
			isa = PBXGroup;
			children = (
				041134EF27208BBC00A1880F /* testWeatherApp.app */,
				0411350527208BC500A1880F /* testWeatherAppTests.xctest */,
				0411350F27208BC500A1880F /* testWeatherAppUITests.xctest */,
			);
			name = Products;
			sourceTree = "<group>";
		};
		041134F127208BBC00A1880F /* testWeatherApp */ = {
			isa = PBXGroup;
			children = (
				04ED0826272456160080942B /* CoreDataManager.swift */,
				0411352E2720967900A1880F /* ModuleContainer.swift */,
				04113535272196E200A1880F /* Manager.swift */,
				041135302720B61100A1880F /* Routers */,
				0411352B27208CBB00A1880F /* Presenters */,
				0411353927219BF800A1880F /* Interactors */,
				0411352A27208CAF00A1880F /* Views */,
				0411352927208C9800A1880F /* Models */,
				0411352627208C7600A1880F /* Protocols.swift */,
				0411352C27208F2E00A1880F /* TableViewCell.swift */,
				0411352827208C8500A1880F /* AppFiles */,
				041134FB27208BC500A1880F /* Assets.xcassets */,
				041134FD27208BC500A1880F /* LaunchScreen.storyboard */,
				0411350027208BC500A1880F /* Info.plist */,
				041135402721FB3900A1880F /* CityCoreDataModel.xcdatamodeld */,
			);
			path = testWeatherApp;
			sourceTree = "<group>";
		};
		0411350827208BC500A1880F /* testWeatherAppTests */ = {
			isa = PBXGroup;
			children = (
				04ED0835272AE4400080942B /* ManagerTest.swift */,
			);
			path = testWeatherAppTests;
			sourceTree = "<group>";
		};
		0411351227208BC500A1880F /* testWeatherAppUITests */ = {
			isa = PBXGroup;
			children = (
				0411351327208BC500A1880F /* testWeatherAppUITests.swift */,
				0411351527208BC500A1880F /* testWeatherAppUITestsLaunchTests.swift */,
			);
			path = testWeatherAppUITests;
			sourceTree = "<group>";
		};
		0411352827208C8500A1880F /* AppFiles */ = {
			isa = PBXGroup;
			children = (
				041134F227208BBC00A1880F /* AppDelegate.swift */,
			);
			path = AppFiles;
			sourceTree = "<group>";
		};
		0411352927208C9800A1880F /* Models */ = {
			isa = PBXGroup;
			children = (
				0411352227208C5D00A1880F /* Model.swift */,
				04113537272197EF00A1880F /* ServiceModel.swift */,
			);
			path = Models;
			sourceTree = "<group>";
		};
		0411352A27208CAF00A1880F /* Views */ = {
			isa = PBXGroup;
			children = (
				041134F627208BBC00A1880F /* ViewController.swift */,
				04ED082A27296FE10080942B /* DetailsViewController.swift */,
			);
			path = Views;
			sourceTree = "<group>";
		};
		0411352B27208CBB00A1880F /* Presenters */ = {
			isa = PBXGroup;
			children = (
				0411352427208C6B00A1880F /* Presenter.swift */,
			);
			path = Presenters;
			sourceTree = "<group>";
		};
		041135302720B61100A1880F /* Routers */ = {
			isa = PBXGroup;
			children = (
				041135332720B64400A1880F /* Router.swift */,
			);
			path = Routers;
			sourceTree = "<group>";
		};
		0411353927219BF800A1880F /* Interactors */ = {
			isa = PBXGroup;
			children = (
				0411353A27219C1800A1880F /* Interactor.swift */,
			);
			path = Interactors;
			sourceTree = "<group>";
		};
		22ECAB104E79A42C46575783 /* Frameworks */ = {
			isa = PBXGroup;
			children = (
				BD0AE337643EF8C8E6510139 /* Pods_testWeatherApp.framework */,
				143476049584C8E131EAFD9B /* Pods_testWeatherApp_testWeatherAppUITests.framework */,
				5C0351908178D6A0EAA49262 /* Pods_testWeatherAppTests.framework */,
			);
			name = Frameworks;
			sourceTree = "<group>";
		};
		63928905D8FB9258A0942B73 /* Pods */ = {
			isa = PBXGroup;
			children = (
				114734D461936A5A978B7EA4 /* Pods-testWeatherApp.debug.xcconfig */,
				3BD1DDB3DC92860B0161A9F1 /* Pods-testWeatherApp.release.xcconfig */,
				CCCEB119420CBBAFAB5E0A91 /* Pods-testWeatherApp-testWeatherAppUITests.debug.xcconfig */,
				82A2299895C4973243A0FEF5 /* Pods-testWeatherApp-testWeatherAppUITests.release.xcconfig */,
				F6F30FD4FCE62C9D9912B4A1 /* Pods-testWeatherAppTests.debug.xcconfig */,
				F17CCD64496376BBA678C2E5 /* Pods-testWeatherAppTests.release.xcconfig */,
			);
			path = Pods;
			sourceTree = "<group>";
		};
/* End PBXGroup section */

/* Begin PBXNativeTarget section */
		041134EE27208BBC00A1880F /* testWeatherApp */ = {
			isa = PBXNativeTarget;
			buildConfigurationList = 0411351927208BC500A1880F /* Build configuration list for PBXNativeTarget "testWeatherApp" */;
			buildPhases = (
				9CC5E60BBD4D4B5BBB06CE83 /* [CP] Check Pods Manifest.lock */,
				041134EB27208BBC00A1880F /* Sources */,
				041134EC27208BBC00A1880F /* Frameworks */,
				041134ED27208BBC00A1880F /* Resources */,
				952CAE136A549F5E6A70E2F6 /* [CP] Embed Pods Frameworks */,
			);
			buildRules = (
			);
			dependencies = (
			);
			name = testWeatherApp;
			productName = testWeatherApp;
			productReference = 041134EF27208BBC00A1880F /* testWeatherApp.app */;
			productType = "com.apple.product-type.application";
		};
		0411350427208BC500A1880F /* testWeatherAppTests */ = {
			isa = PBXNativeTarget;
			buildConfigurationList = 0411351C27208BC500A1880F /* Build configuration list for PBXNativeTarget "testWeatherAppTests" */;
			buildPhases = (
				2811610694C1C5E65F5E8828 /* [CP] Check Pods Manifest.lock */,
				0411350127208BC500A1880F /* Sources */,
				0411350227208BC500A1880F /* Frameworks */,
				0411350327208BC500A1880F /* Resources */,
			);
			buildRules = (
			);
			dependencies = (
				0411350727208BC500A1880F /* PBXTargetDependency */,
			);
			name = testWeatherAppTests;
			productName = testWeatherAppTests;
			productReference = 0411350527208BC500A1880F /* testWeatherAppTests.xctest */;
			productType = "com.apple.product-type.bundle.unit-test";
		};
		0411350E27208BC500A1880F /* testWeatherAppUITests */ = {
			isa = PBXNativeTarget;
			buildConfigurationList = 0411351F27208BC500A1880F /* Build configuration list for PBXNativeTarget "testWeatherAppUITests" */;
			buildPhases = (
				AE5DE1C09D3842057300EB8A /* [CP] Check Pods Manifest.lock */,
				0411350B27208BC500A1880F /* Sources */,
				0411350C27208BC500A1880F /* Frameworks */,
				0411350D27208BC500A1880F /* Resources */,
				F3CF8810F1B409BB51382899 /* [CP] Embed Pods Frameworks */,
			);
			buildRules = (
			);
			dependencies = (
				0411351127208BC500A1880F /* PBXTargetDependency */,
			);
			name = testWeatherAppUITests;
			productName = testWeatherAppUITests;
			productReference = 0411350F27208BC500A1880F /* testWeatherAppUITests.xctest */;
			productType = "com.apple.product-type.bundle.ui-testing";
		};
/* End PBXNativeTarget section */

/* Begin PBXProject section */
		041134E727208BBC00A1880F /* Project object */ = {
			isa = PBXProject;
			attributes = {
				BuildIndependentTargetsInParallel = 1;
				LastSwiftUpdateCheck = 1300;
				LastUpgradeCheck = 1300;
				TargetAttributes = {
					041134EE27208BBC00A1880F = {
						CreatedOnToolsVersion = 13.0;
					};
					0411350427208BC500A1880F = {
						CreatedOnToolsVersion = 13.0;
						TestTargetID = 041134EE27208BBC00A1880F;
					};
					0411350E27208BC500A1880F = {
						CreatedOnToolsVersion = 13.0;
						TestTargetID = 041134EE27208BBC00A1880F;
					};
				};
			};
			buildConfigurationList = 041134EA27208BBC00A1880F /* Build configuration list for PBXProject "testWeatherApp" */;
			compatibilityVersion = "Xcode 13.0";
			developmentRegion = en;
			hasScannedForEncodings = 0;
			knownRegions = (
				en,
				Base,
			);
			mainGroup = 041134E627208BBC00A1880F;
			productRefGroup = 041134F027208BBC00A1880F /* Products */;
			projectDirPath = "";
			projectRoot = "";
			targets = (
				041134EE27208BBC00A1880F /* testWeatherApp */,
				0411350427208BC500A1880F /* testWeatherAppTests */,
				0411350E27208BC500A1880F /* testWeatherAppUITests */,
			);
		};
/* End PBXProject section */

/* Begin PBXResourcesBuildPhase section */
		041134ED27208BBC00A1880F /* Resources */ = {
			isa = PBXResourcesBuildPhase;
			buildActionMask = 2147483647;
			files = (
				041134FF27208BC500A1880F /* LaunchScreen.storyboard in Resources */,
				041134FC27208BC500A1880F /* Assets.xcassets in Resources */,
			);
			runOnlyForDeploymentPostprocessing = 0;
		};
		0411350327208BC500A1880F /* Resources */ = {
			isa = PBXResourcesBuildPhase;
			buildActionMask = 2147483647;
			files = (
			);
			runOnlyForDeploymentPostprocessing = 0;
		};
		0411350D27208BC500A1880F /* Resources */ = {
			isa = PBXResourcesBuildPhase;
			buildActionMask = 2147483647;
			files = (
			);
			runOnlyForDeploymentPostprocessing = 0;
		};
/* End PBXResourcesBuildPhase section */

/* Begin PBXShellScriptBuildPhase section */
		2811610694C1C5E65F5E8828 /* [CP] Check Pods Manifest.lock */ = {
			isa = PBXShellScriptBuildPhase;
			buildActionMask = 2147483647;
			files = (
			);
			inputFileListPaths = (
			);
			inputPaths = (
				"${PODS_PODFILE_DIR_PATH}/Podfile.lock",
				"${PODS_ROOT}/Manifest.lock",
			);
			name = "[CP] Check Pods Manifest.lock";
			outputFileListPaths = (
			);
			outputPaths = (
				"$(DERIVED_FILE_DIR)/Pods-testWeatherAppTests-checkManifestLockResult.txt",
			);
			runOnlyForDeploymentPostprocessing = 0;
			shellPath = /bin/sh;
			shellScript = "diff \"${PODS_PODFILE_DIR_PATH}/Podfile.lock\" \"${PODS_ROOT}/Manifest.lock\" > /dev/null\nif [ $? != 0 ] ; then\n    # print error to STDERR\n    echo \"error: The sandbox is not in sync with the Podfile.lock. Run 'pod install' or update your CocoaPods installation.\" >&2\n    exit 1\nfi\n# This output is used by Xcode 'outputs' to avoid re-running this script phase.\necho \"SUCCESS\" > \"${SCRIPT_OUTPUT_FILE_0}\"\n";
			showEnvVarsInLog = 0;
		};
		952CAE136A549F5E6A70E2F6 /* [CP] Embed Pods Frameworks */ = {
			isa = PBXShellScriptBuildPhase;
			buildActionMask = 2147483647;
			files = (
			);
			inputFileListPaths = (
				"${PODS_ROOT}/Target Support Files/Pods-testWeatherApp/Pods-testWeatherApp-frameworks-${CONFIGURATION}-input-files.xcfilelist",
			);
			name = "[CP] Embed Pods Frameworks";
			outputFileListPaths = (
				"${PODS_ROOT}/Target Support Files/Pods-testWeatherApp/Pods-testWeatherApp-frameworks-${CONFIGURATION}-output-files.xcfilelist",
			);
			runOnlyForDeploymentPostprocessing = 0;
			shellPath = /bin/sh;
			shellScript = "\"${PODS_ROOT}/Target Support Files/Pods-testWeatherApp/Pods-testWeatherApp-frameworks.sh\"\n";
			showEnvVarsInLog = 0;
		};
		9CC5E60BBD4D4B5BBB06CE83 /* [CP] Check Pods Manifest.lock */ = {
			isa = PBXShellScriptBuildPhase;
			buildActionMask = 2147483647;
			files = (
			);
			inputFileListPaths = (
			);
			inputPaths = (
				"${PODS_PODFILE_DIR_PATH}/Podfile.lock",
				"${PODS_ROOT}/Manifest.lock",
			);
			name = "[CP] Check Pods Manifest.lock";
			outputFileListPaths = (
			);
			outputPaths = (
				"$(DERIVED_FILE_DIR)/Pods-testWeatherApp-checkManifestLockResult.txt",
			);
			runOnlyForDeploymentPostprocessing = 0;
			shellPath = /bin/sh;
			shellScript = "diff \"${PODS_PODFILE_DIR_PATH}/Podfile.lock\" \"${PODS_ROOT}/Manifest.lock\" > /dev/null\nif [ $? != 0 ] ; then\n    # print error to STDERR\n    echo \"error: The sandbox is not in sync with the Podfile.lock. Run 'pod install' or update your CocoaPods installation.\" >&2\n    exit 1\nfi\n# This output is used by Xcode 'outputs' to avoid re-running this script phase.\necho \"SUCCESS\" > \"${SCRIPT_OUTPUT_FILE_0}\"\n";
			showEnvVarsInLog = 0;
		};
		AE5DE1C09D3842057300EB8A /* [CP] Check Pods Manifest.lock */ = {
			isa = PBXShellScriptBuildPhase;
			buildActionMask = 2147483647;
			files = (
			);
			inputFileListPaths = (
			);
			inputPaths = (
				"${PODS_PODFILE_DIR_PATH}/Podfile.lock",
				"${PODS_ROOT}/Manifest.lock",
			);
			name = "[CP] Check Pods Manifest.lock";
			outputFileListPaths = (
			);
			outputPaths = (
				"$(DERIVED_FILE_DIR)/Pods-testWeatherApp-testWeatherAppUITests-checkManifestLockResult.txt",
			);
			runOnlyForDeploymentPostprocessing = 0;
			shellPath = /bin/sh;
			shellScript = "diff \"${PODS_PODFILE_DIR_PATH}/Podfile.lock\" \"${PODS_ROOT}/Manifest.lock\" > /dev/null\nif [ $? != 0 ] ; then\n    # print error to STDERR\n    echo \"error: The sandbox is not in sync with the Podfile.lock. Run 'pod install' or update your CocoaPods installation.\" >&2\n    exit 1\nfi\n# This output is used by Xcode 'outputs' to avoid re-running this script phase.\necho \"SUCCESS\" > \"${SCRIPT_OUTPUT_FILE_0}\"\n";
			showEnvVarsInLog = 0;
		};
		F3CF8810F1B409BB51382899 /* [CP] Embed Pods Frameworks */ = {
			isa = PBXShellScriptBuildPhase;
			buildActionMask = 2147483647;
			files = (
			);
			inputFileListPaths = (
				"${PODS_ROOT}/Target Support Files/Pods-testWeatherApp-testWeatherAppUITests/Pods-testWeatherApp-testWeatherAppUITests-frameworks-${CONFIGURATION}-input-files.xcfilelist",
			);
			name = "[CP] Embed Pods Frameworks";
			outputFileListPaths = (
				"${PODS_ROOT}/Target Support Files/Pods-testWeatherApp-testWeatherAppUITests/Pods-testWeatherApp-testWeatherAppUITests-frameworks-${CONFIGURATION}-output-files.xcfilelist",
			);
			runOnlyForDeploymentPostprocessing = 0;
			shellPath = /bin/sh;
			shellScript = "\"${PODS_ROOT}/Target Support Files/Pods-testWeatherApp-testWeatherAppUITests/Pods-testWeatherApp-testWeatherAppUITests-frameworks.sh\"\n";
			showEnvVarsInLog = 0;
		};
/* End PBXShellScriptBuildPhase section */

/* Begin PBXSourcesBuildPhase section */
		041134EB27208BBC00A1880F /* Sources */ = {
			isa = PBXSourcesBuildPhase;
			buildActionMask = 2147483647;
			files = (
				041135342720B64400A1880F /* Router.swift in Sources */,
				0411352F2720967900A1880F /* ModuleContainer.swift in Sources */,
				041135422721FB3A00A1880F /* CityCoreDataModel.xcdatamodeld in Sources */,
				0411353B27219C1800A1880F /* Interactor.swift in Sources */,
				041134F727208BBC00A1880F /* ViewController.swift in Sources */,
				041134F327208BBC00A1880F /* AppDelegate.swift in Sources */,
				0411352727208C7600A1880F /* Protocols.swift in Sources */,
				04ED0834272ACB640080942B /* CityEntity+CoreDataProperties.swift in Sources */,
				04113538272197EF00A1880F /* ServiceModel.swift in Sources */,
				0411352327208C5D00A1880F /* Model.swift in Sources */,
				04ED0833272ACB640080942B /* CityEntity+CoreDataClass.swift in Sources */,
				04ED082B27296FE10080942B /* DetailsViewController.swift in Sources */,
				0411352D27208F2E00A1880F /* TableViewCell.swift in Sources */,
				04113536272196E200A1880F /* Manager.swift in Sources */,
				04ED0827272456160080942B /* CoreDataManager.swift in Sources */,
				0411352527208C6B00A1880F /* Presenter.swift in Sources */,
			);
			runOnlyForDeploymentPostprocessing = 0;
		};
		0411350127208BC500A1880F /* Sources */ = {
			isa = PBXSourcesBuildPhase;
			buildActionMask = 2147483647;
			files = (
				04ED0836272AE4400080942B /* ManagerTest.swift in Sources */,
			);
			runOnlyForDeploymentPostprocessing = 0;
		};
		0411350B27208BC500A1880F /* Sources */ = {
			isa = PBXSourcesBuildPhase;
			buildActionMask = 2147483647;
			files = (
				0411351427208BC500A1880F /* testWeatherAppUITests.swift in Sources */,
				0411351627208BC500A1880F /* testWeatherAppUITestsLaunchTests.swift in Sources */,
			);
			runOnlyForDeploymentPostprocessing = 0;
		};
/* End PBXSourcesBuildPhase section */

/* Begin PBXTargetDependency section */
		0411350727208BC500A1880F /* PBXTargetDependency */ = {
			isa = PBXTargetDependency;
			target = 041134EE27208BBC00A1880F /* testWeatherApp */;
			targetProxy = 0411350627208BC500A1880F /* PBXContainerItemProxy */;
		};
		0411351127208BC500A1880F /* PBXTargetDependency */ = {
			isa = PBXTargetDependency;
			target = 041134EE27208BBC00A1880F /* testWeatherApp */;
			targetProxy = 0411351027208BC500A1880F /* PBXContainerItemProxy */;
		};
/* End PBXTargetDependency section */

/* Begin PBXVariantGroup section */
		041134FD27208BC500A1880F /* LaunchScreen.storyboard */ = {
			isa = PBXVariantGroup;
			children = (
				041134FE27208BC500A1880F /* Base */,
			);
			name = LaunchScreen.storyboard;
			sourceTree = "<group>";
		};
/* End PBXVariantGroup section */

/* Begin XCBuildConfiguration section */
		0411351727208BC500A1880F /* Debug */ = {
			isa = XCBuildConfiguration;
			buildSettings = {
				ALWAYS_SEARCH_USER_PATHS = NO;
				CLANG_ANALYZER_NONNULL = YES;
				CLANG_ANALYZER_NUMBER_OBJECT_CONVERSION = YES_AGGRESSIVE;
				CLANG_CXX_LANGUAGE_STANDARD = "gnu++17";
				CLANG_CXX_LIBRARY = "libc++";
				CLANG_ENABLE_MODULES = YES;
				CLANG_ENABLE_OBJC_ARC = YES;
				CLANG_ENABLE_OBJC_WEAK = YES;
				CLANG_WARN_BLOCK_CAPTURE_AUTORELEASING = YES;
				CLANG_WARN_BOOL_CONVERSION = YES;
				CLANG_WARN_COMMA = YES;
				CLANG_WARN_CONSTANT_CONVERSION = YES;
				CLANG_WARN_DEPRECATED_OBJC_IMPLEMENTATIONS = YES;
				CLANG_WARN_DIRECT_OBJC_ISA_USAGE = YES_ERROR;
				CLANG_WARN_DOCUMENTATION_COMMENTS = YES;
				CLANG_WARN_EMPTY_BODY = YES;
				CLANG_WARN_ENUM_CONVERSION = YES;
				CLANG_WARN_INFINITE_RECURSION = YES;
				CLANG_WARN_INT_CONVERSION = YES;
				CLANG_WARN_NON_LITERAL_NULL_CONVERSION = YES;
				CLANG_WARN_OBJC_IMPLICIT_RETAIN_SELF = YES;
				CLANG_WARN_OBJC_LITERAL_CONVERSION = YES;
				CLANG_WARN_OBJC_ROOT_CLASS = YES_ERROR;
				CLANG_WARN_QUOTED_INCLUDE_IN_FRAMEWORK_HEADER = YES;
				CLANG_WARN_RANGE_LOOP_ANALYSIS = YES;
				CLANG_WARN_STRICT_PROTOTYPES = YES;
				CLANG_WARN_SUSPICIOUS_MOVE = YES;
				CLANG_WARN_UNGUARDED_AVAILABILITY = YES_AGGRESSIVE;
				CLANG_WARN_UNREACHABLE_CODE = YES;
				CLANG_WARN__DUPLICATE_METHOD_MATCH = YES;
				COPY_PHASE_STRIP = NO;
				DEBUG_INFORMATION_FORMAT = dwarf;
				ENABLE_STRICT_OBJC_MSGSEND = YES;
				ENABLE_TESTABILITY = YES;
				GCC_C_LANGUAGE_STANDARD = gnu11;
				GCC_DYNAMIC_NO_PIC = NO;
				GCC_NO_COMMON_BLOCKS = YES;
				GCC_OPTIMIZATION_LEVEL = 0;
				GCC_PREPROCESSOR_DEFINITIONS = (
					"DEBUG=1",
					"$(inherited)",
				);
				GCC_WARN_64_TO_32_BIT_CONVERSION = YES;
				GCC_WARN_ABOUT_RETURN_TYPE = YES_ERROR;
				GCC_WARN_UNDECLARED_SELECTOR = YES;
				GCC_WARN_UNINITIALIZED_AUTOS = YES_AGGRESSIVE;
				GCC_WARN_UNUSED_FUNCTION = YES;
				GCC_WARN_UNUSED_VARIABLE = YES;
				IPHONEOS_DEPLOYMENT_TARGET = 15.0;
				MTL_ENABLE_DEBUG_INFO = INCLUDE_SOURCE;
				MTL_FAST_MATH = YES;
				ONLY_ACTIVE_ARCH = YES;
				SDKROOT = iphoneos;
				SWIFT_ACTIVE_COMPILATION_CONDITIONS = DEBUG;
				SWIFT_OPTIMIZATION_LEVEL = "-Onone";
			};
			name = Debug;
		};
		0411351827208BC500A1880F /* Release */ = {
			isa = XCBuildConfiguration;
			buildSettings = {
				ALWAYS_SEARCH_USER_PATHS = NO;
				CLANG_ANALYZER_NONNULL = YES;
				CLANG_ANALYZER_NUMBER_OBJECT_CONVERSION = YES_AGGRESSIVE;
				CLANG_CXX_LANGUAGE_STANDARD = "gnu++17";
				CLANG_CXX_LIBRARY = "libc++";
				CLANG_ENABLE_MODULES = YES;
				CLANG_ENABLE_OBJC_ARC = YES;
				CLANG_ENABLE_OBJC_WEAK = YES;
				CLANG_WARN_BLOCK_CAPTURE_AUTORELEASING = YES;
				CLANG_WARN_BOOL_CONVERSION = YES;
				CLANG_WARN_COMMA = YES;
				CLANG_WARN_CONSTANT_CONVERSION = YES;
				CLANG_WARN_DEPRECATED_OBJC_IMPLEMENTATIONS = YES;
				CLANG_WARN_DIRECT_OBJC_ISA_USAGE = YES_ERROR;
				CLANG_WARN_DOCUMENTATION_COMMENTS = YES;
				CLANG_WARN_EMPTY_BODY = YES;
				CLANG_WARN_ENUM_CONVERSION = YES;
				CLANG_WARN_INFINITE_RECURSION = YES;
				CLANG_WARN_INT_CONVERSION = YES;
				CLANG_WARN_NON_LITERAL_NULL_CONVERSION = YES;
				CLANG_WARN_OBJC_IMPLICIT_RETAIN_SELF = YES;
				CLANG_WARN_OBJC_LITERAL_CONVERSION = YES;
				CLANG_WARN_OBJC_ROOT_CLASS = YES_ERROR;
				CLANG_WARN_QUOTED_INCLUDE_IN_FRAMEWORK_HEADER = YES;
				CLANG_WARN_RANGE_LOOP_ANALYSIS = YES;
				CLANG_WARN_STRICT_PROTOTYPES = YES;
				CLANG_WARN_SUSPICIOUS_MOVE = YES;
				CLANG_WARN_UNGUARDED_AVAILABILITY = YES_AGGRESSIVE;
				CLANG_WARN_UNREACHABLE_CODE = YES;
				CLANG_WARN__DUPLICATE_METHOD_MATCH = YES;
				COPY_PHASE_STRIP = NO;
				DEBUG_INFORMATION_FORMAT = "dwarf-with-dsym";
				ENABLE_NS_ASSERTIONS = NO;
				ENABLE_STRICT_OBJC_MSGSEND = YES;
				GCC_C_LANGUAGE_STANDARD = gnu11;
				GCC_NO_COMMON_BLOCKS = YES;
				GCC_WARN_64_TO_32_BIT_CONVERSION = YES;
				GCC_WARN_ABOUT_RETURN_TYPE = YES_ERROR;
				GCC_WARN_UNDECLARED_SELECTOR = YES;
				GCC_WARN_UNINITIALIZED_AUTOS = YES_AGGRESSIVE;
				GCC_WARN_UNUSED_FUNCTION = YES;
				GCC_WARN_UNUSED_VARIABLE = YES;
				IPHONEOS_DEPLOYMENT_TARGET = 15.0;
				MTL_ENABLE_DEBUG_INFO = NO;
				MTL_FAST_MATH = YES;
				SDKROOT = iphoneos;
				SWIFT_COMPILATION_MODE = wholemodule;
				SWIFT_OPTIMIZATION_LEVEL = "-O";
				VALIDATE_PRODUCT = YES;
			};
			name = Release;
		};
		0411351A27208BC500A1880F /* Debug */ = {
			isa = XCBuildConfiguration;
			baseConfigurationReference = 114734D461936A5A978B7EA4 /* Pods-testWeatherApp.debug.xcconfig */;
			buildSettings = {
				ASSETCATALOG_COMPILER_APPICON_NAME = AppIcon;
				ASSETCATALOG_COMPILER_GLOBAL_ACCENT_COLOR_NAME = AccentColor;
				CODE_SIGN_STYLE = Automatic;
				CURRENT_PROJECT_VERSION = 1;
				DEVELOPMENT_TEAM = CF76M9X65W;
				GENERATE_INFOPLIST_FILE = YES;
				INFOPLIST_FILE = testWeatherApp/Info.plist;
				INFOPLIST_KEY_UIApplicationSupportsIndirectInputEvents = YES;
				INFOPLIST_KEY_UILaunchStoryboardName = LaunchScreen;
				INFOPLIST_KEY_UISupportedInterfaceOrientations_iPad = "UIInterfaceOrientationPortrait UIInterfaceOrientationPortraitUpsideDown UIInterfaceOrientationLandscapeLeft UIInterfaceOrientationLandscapeRight";
				INFOPLIST_KEY_UISupportedInterfaceOrientations_iPhone = "UIInterfaceOrientationPortrait UIInterfaceOrientationLandscapeLeft UIInterfaceOrientationLandscapeRight";
				LD_RUNPATH_SEARCH_PATHS = (
					"$(inherited)",
					"@executable_path/Frameworks",
				);
				MARKETING_VERSION = 1.0;
				PRODUCT_BUNDLE_IDENTIFIER = efimi.testWeatherApp;
				PRODUCT_NAME = "$(TARGET_NAME)";
				SWIFT_EMIT_LOC_STRINGS = YES;
				SWIFT_VERSION = 5.0;
				TARGETED_DEVICE_FAMILY = "1,2";
			};
			name = Debug;
		};
		0411351B27208BC500A1880F /* Release */ = {
			isa = XCBuildConfiguration;
			baseConfigurationReference = 3BD1DDB3DC92860B0161A9F1 /* Pods-testWeatherApp.release.xcconfig */;
			buildSettings = {
				ASSETCATALOG_COMPILER_APPICON_NAME = AppIcon;
				ASSETCATALOG_COMPILER_GLOBAL_ACCENT_COLOR_NAME = AccentColor;
				CODE_SIGN_STYLE = Automatic;
				CURRENT_PROJECT_VERSION = 1;
				DEVELOPMENT_TEAM = CF76M9X65W;
				GENERATE_INFOPLIST_FILE = YES;
				INFOPLIST_FILE = testWeatherApp/Info.plist;
				INFOPLIST_KEY_UIApplicationSupportsIndirectInputEvents = YES;
				INFOPLIST_KEY_UILaunchStoryboardName = LaunchScreen;
				INFOPLIST_KEY_UISupportedInterfaceOrientations_iPad = "UIInterfaceOrientationPortrait UIInterfaceOrientationPortraitUpsideDown UIInterfaceOrientationLandscapeLeft UIInterfaceOrientationLandscapeRight";
				INFOPLIST_KEY_UISupportedInterfaceOrientations_iPhone = "UIInterfaceOrientationPortrait UIInterfaceOrientationLandscapeLeft UIInterfaceOrientationLandscapeRight";
				LD_RUNPATH_SEARCH_PATHS = (
					"$(inherited)",
					"@executable_path/Frameworks",
				);
				MARKETING_VERSION = 1.0;
				PRODUCT_BUNDLE_IDENTIFIER = efimi.testWeatherApp;
				PRODUCT_NAME = "$(TARGET_NAME)";
				SWIFT_EMIT_LOC_STRINGS = YES;
				SWIFT_VERSION = 5.0;
				TARGETED_DEVICE_FAMILY = "1,2";
			};
			name = Release;
		};
		0411351D27208BC500A1880F /* Debug */ = {
			isa = XCBuildConfiguration;
			baseConfigurationReference = F6F30FD4FCE62C9D9912B4A1 /* Pods-testWeatherAppTests.debug.xcconfig */;
			buildSettings = {
				ALWAYS_EMBED_SWIFT_STANDARD_LIBRARIES = YES;
				BUNDLE_LOADER = "$(TEST_HOST)";
				CODE_SIGN_STYLE = Automatic;
				CURRENT_PROJECT_VERSION = 1;
				DEVELOPMENT_TEAM = CF76M9X65W;
				GENERATE_INFOPLIST_FILE = YES;
				IPHONEOS_DEPLOYMENT_TARGET = 15.0;
				LD_RUNPATH_SEARCH_PATHS = (
					"$(inherited)",
					"@executable_path/Frameworks",
					"@loader_path/Frameworks",
				);
				MARKETING_VERSION = 1.0;
				PRODUCT_BUNDLE_IDENTIFIER = efimi.testWeatherAppTests;
				PRODUCT_NAME = "$(TARGET_NAME)";
				SWIFT_EMIT_LOC_STRINGS = NO;
				SWIFT_VERSION = 5.0;
				TARGETED_DEVICE_FAMILY = "1,2";
				TEST_HOST = "$(BUILT_PRODUCTS_DIR)/testWeatherApp.app/testWeatherApp";
			};
			name = Debug;
		};
		0411351E27208BC500A1880F /* Release */ = {
			isa = XCBuildConfiguration;
			baseConfigurationReference = F17CCD64496376BBA678C2E5 /* Pods-testWeatherAppTests.release.xcconfig */;
			buildSettings = {
				ALWAYS_EMBED_SWIFT_STANDARD_LIBRARIES = YES;
				BUNDLE_LOADER = "$(TEST_HOST)";
				CODE_SIGN_STYLE = Automatic;
				CURRENT_PROJECT_VERSION = 1;
				DEVELOPMENT_TEAM = CF76M9X65W;
				GENERATE_INFOPLIST_FILE = YES;
				IPHONEOS_DEPLOYMENT_TARGET = 15.0;
				LD_RUNPATH_SEARCH_PATHS = (
					"$(inherited)",
					"@executable_path/Frameworks",
					"@loader_path/Frameworks",
				);
				MARKETING_VERSION = 1.0;
				PRODUCT_BUNDLE_IDENTIFIER = efimi.testWeatherAppTests;
				PRODUCT_NAME = "$(TARGET_NAME)";
				SWIFT_EMIT_LOC_STRINGS = NO;
				SWIFT_VERSION = 5.0;
				TARGETED_DEVICE_FAMILY = "1,2";
				TEST_HOST = "$(BUILT_PRODUCTS_DIR)/testWeatherApp.app/testWeatherApp";
			};
			name = Release;
		};
		0411352027208BC500A1880F /* Debug */ = {
			isa = XCBuildConfiguration;
			baseConfigurationReference = CCCEB119420CBBAFAB5E0A91 /* Pods-testWeatherApp-testWeatherAppUITests.debug.xcconfig */;
			buildSettings = {
				ALWAYS_EMBED_SWIFT_STANDARD_LIBRARIES = YES;
				CODE_SIGN_STYLE = Automatic;
				CURRENT_PROJECT_VERSION = 1;
				DEVELOPMENT_TEAM = CF76M9X65W;
				GENERATE_INFOPLIST_FILE = YES;
				LD_RUNPATH_SEARCH_PATHS = (
					"$(inherited)",
					"@executable_path/Frameworks",
					"@loader_path/Frameworks",
				);
				MARKETING_VERSION = 1.0;
				PRODUCT_BUNDLE_IDENTIFIER = efimi.testWeatherAppUITests;
				PRODUCT_NAME = "$(TARGET_NAME)";
				SWIFT_EMIT_LOC_STRINGS = NO;
				SWIFT_VERSION = 5.0;
				TARGETED_DEVICE_FAMILY = "1,2";
				TEST_TARGET_NAME = testWeatherApp;
			};
			name = Debug;
		};
		0411352127208BC500A1880F /* Release */ = {
			isa = XCBuildConfiguration;
			baseConfigurationReference = 82A2299895C4973243A0FEF5 /* Pods-testWeatherApp-testWeatherAppUITests.release.xcconfig */;
			buildSettings = {
				ALWAYS_EMBED_SWIFT_STANDARD_LIBRARIES = YES;
				CODE_SIGN_STYLE = Automatic;
				CURRENT_PROJECT_VERSION = 1;
				DEVELOPMENT_TEAM = CF76M9X65W;
				GENERATE_INFOPLIST_FILE = YES;
				LD_RUNPATH_SEARCH_PATHS = (
					"$(inherited)",
					"@executable_path/Frameworks",
					"@loader_path/Frameworks",
				);
				MARKETING_VERSION = 1.0;
				PRODUCT_BUNDLE_IDENTIFIER = efimi.testWeatherAppUITests;
				PRODUCT_NAME = "$(TARGET_NAME)";
				SWIFT_EMIT_LOC_STRINGS = NO;
				SWIFT_VERSION = 5.0;
				TARGETED_DEVICE_FAMILY = "1,2";
				TEST_TARGET_NAME = testWeatherApp;
			};
			name = Release;
		};
/* End XCBuildConfiguration section */

/* Begin XCConfigurationList section */
		041134EA27208BBC00A1880F /* Build configuration list for PBXProject "testWeatherApp" */ = {
			isa = XCConfigurationList;
			buildConfigurations = (
				0411351727208BC500A1880F /* Debug */,
				0411351827208BC500A1880F /* Release */,
			);
			defaultConfigurationIsVisible = 0;
			defaultConfigurationName = Release;
		};
		0411351927208BC500A1880F /* Build configuration list for PBXNativeTarget "testWeatherApp" */ = {
			isa = XCConfigurationList;
			buildConfigurations = (
				0411351A27208BC500A1880F /* Debug */,
				0411351B27208BC500A1880F /* Release */,
			);
			defaultConfigurationIsVisible = 0;
			defaultConfigurationName = Release;
		};
		0411351C27208BC500A1880F /* Build configuration list for PBXNativeTarget "testWeatherAppTests" */ = {
			isa = XCConfigurationList;
			buildConfigurations = (
				0411351D27208BC500A1880F /* Debug */,
				0411351E27208BC500A1880F /* Release */,
			);
			defaultConfigurationIsVisible = 0;
			defaultConfigurationName = Release;
		};
		0411351F27208BC500A1880F /* Build configuration list for PBXNativeTarget "testWeatherAppUITests" */ = {
			isa = XCConfigurationList;
			buildConfigurations = (
				0411352027208BC500A1880F /* Debug */,
				0411352127208BC500A1880F /* Release */,
			);
			defaultConfigurationIsVisible = 0;
			defaultConfigurationName = Release;
		};
/* End XCConfigurationList section */

/* Begin XCVersionGroup section */
		041135402721FB3900A1880F /* CityCoreDataModel.xcdatamodeld */ = {
			isa = XCVersionGroup;
			children = (
				041135412721FB3900A1880F /* CityCoreDataModel.xcdatamodel */,
			);
			currentVersion = 041135412721FB3900A1880F /* CityCoreDataModel.xcdatamodel */;
			path = CityCoreDataModel.xcdatamodeld;
			sourceTree = "<group>";
			versionGroupType = wrapper.xcdatamodel;
		};
/* End XCVersionGroup section */
	};
	rootObject = 041134E727208BBC00A1880F /* Project object */;
}
